
Microsoft Visual Studio Solution File, Format Version 12.00
# Visual Studio Version 16
VisualStudioVersion = 25.0.1705.4
MinimumVisualStudioVersion = 10.0.40219.1
Project("{FAE04EC0-301F-11D3-BF4B-00C04F79EFBC}") = "CRUD", "CRUD\CRUD.csproj", "{1E322A18-4F1D-45FC-B9A7-DBD117AF9FDE}"
EndProject
Global
	GlobalSection(SolutionConfigurationPlatforms) = preSolution
		Debug|Any CPU = Debug|Any CPU
		Release|Any CPU = Release|Any CPU
	EndGlobalSection
	GlobalSection(ProjectConfigurationPlatforms) = postSolution
		{1E322A18-4F1D-45FC-B9A7-DBD117AF9FDE}.Debug|Any CPU.ActiveCfg = Debug|Any CPU
		{1E322A18-4F1D-45FC-B9A7-DBD117AF9FDE}.Debug|Any CPU.Build.0 = Debug|Any CPU
		{1E322A18-4F1D-45FC-B9A7-DBD117AF9FDE}.Release|Any CPU.ActiveCfg = Release|Any CPU
		{1E322A18-4F1D-45FC-B9A7-DBD117AF9FDE}.Release|Any CPU.Build.0 = Release|Any CPU
	EndGlobalSection
	GlobalSection(SolutionProperties) = preSolution
		HideSolutionNode = FALSE
	EndGlobalSection
	GlobalSection(ExtensibilityGlobals) = postSolution
		SolutionGuid = {A24033CC-AF6B-4BC1-9957-1CEDEC7BBCB2}
	EndGlobalSection
EndGlobal
